
Microsoft Visual Studio Solution File, Format Version 12.00
# Visual Studio Version 16
VisualStudioVersion = 16.0.30523.141
MinimumVisualStudioVersion = 10.0.40219.1
Project("{FAE04EC0-301F-11D3-BF4B-00C04F79EFBC}") = "PostDnLKCloudFhirR4Api", "PostDnLKCloudFhirR4Api.csproj", "{DEFDD73E-C0E6-4891-8445-458F8B2C049A}"
EndProject
Project("{FAE04EC0-301F-11D3-BF4B-00C04F79EFBC}") = "TestAssembly", "TestAssembly\TestAssembly.csproj", "{32CE8AC8-27B4-4122-9E54-7969D7BAEC97}"
EndProject
Project("{FAE04EC0-301F-11D3-BF4B-00C04F79EFBC}") = "HL7UtilV2", "..\..\Utility\HL7UtilV2\HL7UtilV2.csproj", "{AFDF705D-F83C-4911-B78C-84DB97F176F9}"
EndProject
Project("{FAE04EC0-301F-11D3-BF4B-00C04F79EFBC}") = "LKEventLog", "..\LKEventLog\LKEventLog\LKEventLog.csproj", "{D264FE77-9A7B-4C93-9010-54826E7D5941}"
EndProject
Project("{FAE04EC0-301F-11D3-BF4B-00C04F79EFBC}") = "FhirR4API", "..\..\..\LKInterface\APIs\FhirR4API\FhirR4API.csproj", "{F19C10F2-1013-4E77-AC60-A31696AFA563}"
EndProject
Global
	GlobalSection(SolutionConfigurationPlatforms) = preSolution
		Debug|Any CPU = Debug|Any CPU
		Debug|x86 = Debug|x86
		Release|Any CPU = Release|Any CPU
		Release|x86 = Release|x86
	EndGlobalSection
	GlobalSection(ProjectConfigurationPlatforms) = postSolution
		{DEFDD73E-C0E6-4891-8445-458F8B2C049A}.Debug|Any CPU.ActiveCfg = Debug|Any CPU
		{DEFDD73E-C0E6-4891-8445-458F8B2C049A}.Debug|Any CPU.Build.0 = Debug|Any CPU
		{DEFDD73E-C0E6-4891-8445-458F8B2C049A}.Debug|x86.ActiveCfg = Debug|Any CPU
		{DEFDD73E-C0E6-4891-8445-458F8B2C049A}.Debug|x86.Build.0 = Debug|Any CPU
		{DEFDD73E-C0E6-4891-8445-458F8B2C049A}.Release|Any CPU.ActiveCfg = Release|Any CPU
		{DEFDD73E-C0E6-4891-8445-458F8B2C049A}.Release|Any CPU.Build.0 = Release|Any CPU
		{DEFDD73E-C0E6-4891-8445-458F8B2C049A}.Release|x86.ActiveCfg = Release|Any CPU
		{DEFDD73E-C0E6-4891-8445-458F8B2C049A}.Release|x86.Build.0 = Release|Any CPU
		{32CE8AC8-27B4-4122-9E54-7969D7BAEC97}.Debug|Any CPU.ActiveCfg = Debug|x86
		{32CE8AC8-27B4-4122-9E54-7969D7BAEC97}.Debug|Any CPU.Build.0 = Debug|x86
		{32CE8AC8-27B4-4122-9E54-7969D7BAEC97}.Debug|x86.ActiveCfg = Debug|x86
		{32CE8AC8-27B4-4122-9E54-7969D7BAEC97}.Debug|x86.Build.0 = Debug|x86
		{32CE8AC8-27B4-4122-9E54-7969D7BAEC97}.Release|Any CPU.ActiveCfg = Release|x86
		{32CE8AC8-27B4-4122-9E54-7969D7BAEC97}.Release|x86.ActiveCfg = Release|x86
		{32CE8AC8-27B4-4122-9E54-7969D7BAEC97}.Release|x86.Build.0 = Release|x86
		{AFDF705D-F83C-4911-B78C-84DB97F176F9}.Debug|Any CPU.ActiveCfg = Debug|Any CPU
		{AFDF705D-F83C-4911-B78C-84DB97F176F9}.Debug|Any CPU.Build.0 = Debug|Any CPU
		{AFDF705D-F83C-4911-B78C-84DB97F176F9}.Debug|x86.ActiveCfg = Debug|Any CPU
		{AFDF705D-F83C-4911-B78C-84DB97F176F9}.Debug|x86.Build.0 = Debug|Any CPU
		{AFDF705D-F83C-4911-B78C-84DB97F176F9}.Release|Any CPU.ActiveCfg = Release|Any CPU
		{AFDF705D-F83C-4911-B78C-84DB97F176F9}.Release|Any CPU.Build.0 = Release|Any CPU
		{AFDF705D-F83C-4911-B78C-84DB97F176F9}.Release|x86.ActiveCfg = Release|Any CPU
		{AFDF705D-F83C-4911-B78C-84DB97F176F9}.Release|x86.Build.0 = Release|Any CPU
		{D264FE77-9A7B-4C93-9010-54826E7D5941}.Debug|Any CPU.ActiveCfg = Debug|Any CPU
		{D264FE77-9A7B-4C93-9010-54826E7D5941}.Debug|Any CPU.Build.0 = Debug|Any CPU
		{D264FE77-9A7B-4C93-9010-54826E7D5941}.Debug|x86.ActiveCfg = Debug|Any CPU
		{D264FE77-9A7B-4C93-9010-54826E7D5941}.Debug|x86.Build.0 = Debug|Any CPU
		{D264FE77-9A7B-4C93-9010-54826E7D5941}.Release|Any CPU.ActiveCfg = Release|Any CPU
		{D264FE77-9A7B-4C93-9010-54826E7D5941}.Release|Any CPU.Build.0 = Release|Any CPU
		{D264FE77-9A7B-4C93-9010-54826E7D5941}.Release|x86.ActiveCfg = Release|Any CPU
		{D264FE77-9A7B-4C93-9010-54826E7D5941}.Release|x86.Build.0 = Release|Any CPU
		{F19C10F2-1013-4E77-AC60-A31696AFA563}.Debug|Any CPU.ActiveCfg = Debug|Any CPU
		{F19C10F2-1013-4E77-AC60-A31696AFA563}.Debug|Any CPU.Build.0 = Debug|Any CPU
		{F19C10F2-1013-4E77-AC60-A31696AFA563}.Debug|x86.ActiveCfg = Debug|Any CPU
		{F19C10F2-1013-4E77-AC60-A31696AFA563}.Debug|x86.Build.0 = Debug|Any CPU
		{F19C10F2-1013-4E77-AC60-A31696AFA563}.Release|Any CPU.ActiveCfg = Release|Any CPU
		{F19C10F2-1013-4E77-AC60-A31696AFA563}.Release|Any CPU.Build.0 = Release|Any CPU
		{F19C10F2-1013-4E77-AC60-A31696AFA563}.Release|x86.ActiveCfg = Release|Any CPU
		{F19C10F2-1013-4E77-AC60-A31696AFA563}.Release|x86.Build.0 = Release|Any CPU
	EndGlobalSection
	GlobalSection(SolutionProperties) = preSolution
		HideSolutionNode = FALSE
	EndGlobalSection
	GlobalSection(ExtensibilityGlobals) = postSolution
		SolutionGuid = {4C833990-D524-4F1D-A0F8-3050481424A1}
	EndGlobalSection
	GlobalSection(TeamFoundationVersionControl) = preSolution
		SccNumberOfProjects = 6
		SccEnterpriseProvider = {4CA58AB2-18FA-4F8D-95D4-32DDF27D184C}
		SccTeamFoundationServer = https://lkdb02.ellkay.com/tfs/defaultcollection
		SccLocalPath0 = .
		SccProjectUniqueName1 = ..\\..\\Utility\\HL7UtilV2\\HL7UtilV2.csproj
		SccProjectName1 = ../../Utility/HL7UtilV2
		SccLocalPath1 = ..\\..\\Utility\\HL7UtilV2
		SccProjectUniqueName2 = ..\\LKEventLog\\LKEventLog\\LKEventLog.csproj
		SccProjectName2 = ../LKEventLog/LKEventLog
		SccLocalPath2 = ..\\LKEventLog\\LKEventLog
		SccProjectUniqueName3 = PostDnLKCloudFhirR4Api.csproj
		SccLocalPath3 = .
		SccProjectUniqueName4 = TestAssembly\\TestAssembly.csproj
		SccProjectName4 = TestAssembly
		SccLocalPath4 = TestAssembly
		SccProjectUniqueName5 = ..\\..\\..\\LKInterface\\APIs\\FhirR4API\\FhirR4API.csproj
		SccProjectName5 = ../../../LKInterface/APIs/FhirR4API
		SccLocalPath5 = ..\\..\\..\\LKInterface\\APIs\\FhirR4API
	EndGlobalSection
EndGlobal
